
Microsoft Visual Studio Solution File, Format Version 12.00
# Visual Studio Version 17
VisualStudioVersion = 17.9.34616.47
MinimumVisualStudioVersion = 10.0.40219.1
Project("{FAE04EC0-301F-11D3-BF4B-00C04F79EFBC}") = "MenuManagerApi", "MenuManagerApi\MenuManagerApi.csproj", "{60C30BC6-09B3-45BE-B5AA-E901C92DFFC1}"
EndProject
Project("{FAE04EC0-301F-11D3-BF4B-00C04F79EFBC}") = "PMM_WeaponPaints", "PMM_WeaponPaints\PMM_WeaponPaints.csproj", "{C4A91D2E-7B38-4E15-9F60-1A2B3C4D5E6F}"
EndProject
Global
	GlobalSection(SolutionConfigurationPlatforms) = preSolution
		Debug|Any CPU = Debug|Any CPU
		Release|Any CPU = Release|Any CPU
	EndGlobalSection
	GlobalSection(ProjectConfigurationPlatforms) = postSolution
		{60C30BC6-09B3-45BE-B5AA-E901C92DFFC1}.Debug|Any CPU.ActiveCfg = Debug|Any CPU
		{60C30BC6-09B3-45BE-B5AA-E901C92DFFC1}.Debug|Any CPU.Build.0 = Debug|Any CPU
		{60C30BC6-09B3-45BE-B5AA-E901C92DFFC1}.Release|Any CPU.ActiveCfg = Release|Any CPU
		{60C30BC6-09B3-45BE-B5AA-E901C92DFFC1}.Release|Any CPU.Build.0 = Release|Any CPU
		{C4A91D2E-7B38-4E15-9F60-1A2B3C4D5E6F}.Debug|Any CPU.ActiveCfg = Debug|Any CPU
		{C4A91D2E-7B38-4E15-9F60-1A2B3C4D5E6F}.Debug|Any CPU.Build.0 = Debug|Any CPU
		{C4A91D2E-7B38-4E15-9F60-1A2B3C4D5E6F}.Release|Any CPU.ActiveCfg = Release|Any CPU
		{C4A91D2E-7B38-4E15-9F60-1A2B3C4D5E6F}.Release|Any CPU.Build.0 = Release|Any CPU
	EndGlobalSection
	GlobalSection(SolutionProperties) = preSolution
		HideSolutionNode = FALSE
	EndGlobalSection
EndGlobal
